# THIS IS AN AUTOGENERATED FILE. DO NOT EDIT THIS FILE DIRECTLY.
# yarn lockfile v1


prettier-plugin-jinja-template@^2.0.0:
  version "2.0.0"
  resolved "https://registry.yarnpkg.com/prettier-plugin-jinja-template/-/prettier-plugin-jinja-template-2.0.0.tgz#23c7589be8b35d704480b5a7d17e7f84ad4df704"
  integrity sha512-REZDAcZuOUvMDaPS47/GNRLKvbxh9DO9euXhWA7gJGqTLGzHPK2Z841F8I4bxsR7e2lqnHezkQ8GcWaKekKBVQ==

prettier@^3.5.3:
  version "3.5.3"
  resolved "https://registry.yarnpkg.com/prettier/-/prettier-3.5.3.tgz#4fc2ce0d657e7a02e602549f053b239cb7dfe1b5"
  integrity sha512-QQtaxnoDJeAkDvDKWCLiwIXkTgRhwYDEQCghU9Z6q03iyek/rxRh/2lC3HB7P8sWT2xC/y5JDctPLBIGzHKbhw==

simpledotcss@^2.3.5:
  version "2.3.5"
  resolved "https://registry.yarnpkg.com/simpledotcss/-/simpledotcss-2.3.5.tgz#3b9f8b9ddd071c8840ab5a282bd8cc366ccd3cb7"
  integrity sha512-hMpSAIrC6Zfrkgf/3cp2yAWKwql3+IZkwFlhuqlX2dS/aecCazrz2YrN8/6tJY3SYW1rP0Nm5GexHijZ+79f7A==
